// !$*UTF8*$!
{
	archiveVersion = 1;
	classes = {
	};
	objectVersion = 46;
	objects = {

/* Begin PBXBuildFile section */
		6654E4841F01EEEB00F798A0 /* NSURLSession+CorrectedResumeData.m in Sources */ = {isa = PBXBuildFile; fileRef = 6654E4831F01EEEB00F798A0 /* NSURLSession+CorrectedResumeData.m */; };
		665876211F00F27800625C00 /* main.m in Sources */ = {isa = PBXBuildFile; fileRef = 665876201F00F27800625C00 /* main.m */; };
		665876241F00F27800625C00 /* AppDelegate.m in Sources */ = {isa = PBXBuildFile; fileRef = 665876231F00F27800625C00 /* AppDelegate.m */; };
		665876271F00F27800625C00 /* ViewController.m in Sources */ = {isa = PBXBuildFile; fileRef = 665876261F00F27800625C00 /* ViewController.m */; };
		6658762A1F00F27800625C00 /* Main.storyboard in Resources */ = {isa = PBXBuildFile; fileRef = 665876281F00F27800625C00 /* Main.storyboard */; };
		6658762C1F00F27800625C00 /* Assets.xcassets in Resources */ = {isa = PBXBuildFile; fileRef = 6658762B1F00F27800625C00 /* Assets.xcassets */; };
		6658762F1F00F27800625C00 /* LaunchScreen.storyboard in Resources */ = {isa = PBXBuildFile; fileRef = 6658762D1F00F27800625C00 /* LaunchScreen.storyboard */; };
		6658763A1F00F27800625C00 /* DownloadBackgroundTestTests.m in Sources */ = {isa = PBXBuildFile; fileRef = 665876391F00F27800625C00 /* DownloadBackgroundTestTests.m */; };
		665876451F00F27800625C00 /* DownloadBackgroundTestUITests.m in Sources */ = {isa = PBXBuildFile; fileRef = 665876441F00F27800625C00 /* DownloadBackgroundTestUITests.m */; };
		665876541F0112A700625C00 /* DownloadManager.m in Sources */ = {isa = PBXBuildFile; fileRef = 665876531F0112A700625C00 /* DownloadManager.m */; };
/* End PBXBuildFile section */

/* Begin PBXContainerItemProxy section */
		665876361F00F27800625C00 /* PBXContainerItemProxy */ = {
			isa = PBXContainerItemProxy;
			containerPortal = 665876141F00F27800625C00 /* Project object */;
			proxyType = 1;
			remoteGlobalIDString = 6658761B1F00F27800625C00;
			remoteInfo = DownloadBackgroundTest;
		};
		665876411F00F27800625C00 /* PBXContainerItemProxy */ = {
			isa = PBXContainerItemProxy;
			containerPortal = 665876141F00F27800625C00 /* Project object */;
			proxyType = 1;
			remoteGlobalIDString = 6658761B1F00F27800625C00;
			remoteInfo = DownloadBackgroundTest;
		};
/* End PBXContainerItemProxy section */

/* Begin PBXFileReference section */
		6654E4821F01EEEB00F798A0 /* NSURLSession+CorrectedResumeData.h */ = {isa = PBXFileReference; fileEncoding = 4; lastKnownFileType = sourcecode.c.h; path = "NSURLSession+CorrectedResumeData.h"; sourceTree = "<group>"; };
		6654E4831F01EEEB00F798A0 /* NSURLSession+CorrectedResumeData.m */ = {isa = PBXFileReference; fileEncoding = 4; lastKnownFileType = sourcecode.c.objc; path = "NSURLSession+CorrectedResumeData.m"; sourceTree = "<group>"; };
		6658761C1F00F27800625C00 /* DownloadBackgroundTest.app */ = {isa = PBXFileReference; explicitFileType = wrapper.application; includeInIndex = 0; path = DownloadBackgroundTest.app; sourceTree = BUILT_PRODUCTS_DIR; };
		665876201F00F27800625C00 /* main.m */ = {isa = PBXFileReference; lastKnownFileType = sourcecode.c.objc; path = main.m; sourceTree = "<group>"; };
		665876221F00F27800625C00 /* AppDelegate.h */ = {isa = PBXFileReference; lastKnownFileType = sourcecode.c.h; path = AppDelegate.h; sourceTree = "<group>"; };
		665876231F00F27800625C00 /* AppDelegate.m */ = {isa = PBXFileReference; lastKnownFileType = sourcecode.c.objc; path = AppDelegate.m; sourceTree = "<group>"; };
		665876251F00F27800625C00 /* ViewController.h */ = {isa = PBXFileReference; lastKnownFileType = sourcecode.c.h; path = ViewController.h; sourceTree = "<group>"; };
		665876261F00F27800625C00 /* ViewController.m */ = {isa = PBXFileReference; lastKnownFileType = sourcecode.c.objc; path = ViewController.m; sourceTree = "<group>"; };
		665876291F00F27800625C00 /* Base */ = {isa = PBXFileReference; lastKnownFileType = file.storyboard; name = Base; path = Base.lproj/Main.storyboard; sourceTree = "<group>"; };
		6658762B1F00F27800625C00 /* Assets.xcassets */ = {isa = PBXFileReference; lastKnownFileType = folder.assetcatalog; path = Assets.xcassets; sourceTree = "<group>"; };
		6658762E1F00F27800625C00 /* Base */ = {isa = PBXFileReference; lastKnownFileType = file.storyboard; name = Base; path = Base.lproj/LaunchScreen.storyboard; sourceTree = "<group>"; };
		665876301F00F27800625C00 /* Info.plist */ = {isa = PBXFileReference; lastKnownFileType = text.plist.xml; path = Info.plist; sourceTree = "<group>"; };
		665876351F00F27800625C00 /* DownloadBackgroundTestTests.xctest */ = {isa = PBXFileReference; explicitFileType = wrapper.cfbundle; includeInIndex = 0; path = DownloadBackgroundTestTests.xctest; sourceTree = BUILT_PRODUCTS_DIR; };
		665876391F00F27800625C00 /* DownloadBackgroundTestTests.m */ = {isa = PBXFileReference; lastKnownFileType = sourcecode.c.objc; path = DownloadBackgroundTestTests.m; sourceTree = "<group>"; };
		6658763B1F00F27800625C00 /* Info.plist */ = {isa = PBXFileReference; lastKnownFileType = text.plist.xml; path = Info.plist; sourceTree = "<group>"; };
		665876401F00F27800625C00 /* DownloadBackgroundTestUITests.xctest */ = {isa = PBXFileReference; explicitFileType = wrapper.cfbundle; includeInIndex = 0; path = DownloadBackgroundTestUITests.xctest; sourceTree = BUILT_PRODUCTS_DIR; };
		665876441F00F27800625C00 /* DownloadBackgroundTestUITests.m */ = {isa = PBXFileReference; lastKnownFileType = sourcecode.c.objc; path = DownloadBackgroundTestUITests.m; sourceTree = "<group>"; };
		665876461F00F27800625C00 /* Info.plist */ = {isa = PBXFileReference; lastKnownFileType = text.plist.xml; path = Info.plist; sourceTree = "<group>"; };
		665876521F0112A700625C00 /* DownloadManager.h */ = {isa = PBXFileReference; fileEncoding = 4; lastKnownFileType = sourcecode.c.h; path = DownloadManager.h; sourceTree = "<group>"; };
		665876531F0112A700625C00 /* DownloadManager.m */ = {isa = PBXFileReference; fileEncoding = 4; lastKnownFileType = sourcecode.c.objc; path = DownloadManager.m; sourceTree = "<group>"; };
/* End PBXFileReference section */

/* Begin PBXFrameworksBuildPhase section */
		665876191F00F27800625C00 /* Frameworks */ = {
			isa = PBXFrameworksBuildPhase;
			buildActionMask = 2147483647;
			files = (
			);
			runOnlyForDeploymentPostprocessing = 0;
		};
		665876321F00F27800625C00 /* Frameworks */ = {
			isa = PBXFrameworksBuildPhase;
			buildActionMask = 2147483647;
			files = (
			);
			runOnlyForDeploymentPostprocessing = 0;
		};
		6658763D1F00F27800625C00 /* Frameworks */ = {
			isa = PBXFrameworksBuildPhase;
			buildActionMask = 2147483647;
			files = (
			);
			runOnlyForDeploymentPostprocessing = 0;
		};
/* End PBXFrameworksBuildPhase section */

/* Begin PBXGroup section */
		665876131F00F27800625C00 = {
			isa = PBXGroup;
			children = (
				6658761E1F00F27800625C00 /* DownloadBackgroundTest */,
				665876381F00F27800625C00 /* DownloadBackgroundTestTests */,
				665876431F00F27800625C00 /* DownloadBackgroundTestUITests */,
				6658761D1F00F27800625C00 /* Products */,
			);
			sourceTree = "<group>";
		};
		6658761D1F00F27800625C00 /* Products */ = {
			isa = PBXGroup;
			children = (
				6658761C1F00F27800625C00 /* DownloadBackgroundTest.app */,
				665876351F00F27800625C00 /* DownloadBackgroundTestTests.xctest */,
				665876401F00F27800625C00 /* DownloadBackgroundTestUITests.xctest */,
			);
			name = Products;
			sourceTree = "<group>";
		};
		6658761E1F00F27800625C00 /* DownloadBackgroundTest */ = {
			isa = PBXGroup;
			children = (
				665876221F00F27800625C00 /* AppDelegate.h */,
				665876231F00F27800625C00 /* AppDelegate.m */,
				665876251F00F27800625C00 /* ViewController.h */,
				665876261F00F27800625C00 /* ViewController.m */,
				6654E4821F01EEEB00F798A0 /* NSURLSession+CorrectedResumeData.h */,
				6654E4831F01EEEB00F798A0 /* NSURLSession+CorrectedResumeData.m */,
				665876521F0112A700625C00 /* DownloadManager.h */,
				665876531F0112A700625C00 /* DownloadManager.m */,
				665876281F00F27800625C00 /* Main.storyboard */,
				6658762B1F00F27800625C00 /* Assets.xcassets */,
				6658762D1F00F27800625C00 /* LaunchScreen.storyboard */,
				665876301F00F27800625C00 /* Info.plist */,
				6658761F1F00F27800625C00 /* Supporting Files */,
			);
			path = DownloadBackgroundTest;
			sourceTree = "<group>";
		};
		6658761F1F00F27800625C00 /* Supporting Files */ = {
			isa = PBXGroup;
			children = (
				665876201F00F27800625C00 /* main.m */,
			);
			name = "Supporting Files";
			sourceTree = "<group>";
		};
		665876381F00F27800625C00 /* DownloadBackgroundTestTests */ = {
			isa = PBXGroup;
			children = (
				665876391F00F27800625C00 /* DownloadBackgroundTestTests.m */,
				6658763B1F00F27800625C00 /* Info.plist */,
			);
			path = DownloadBackgroundTestTests;
			sourceTree = "<group>";
		};
		665876431F00F27800625C00 /* DownloadBackgroundTestUITests */ = {
			isa = PBXGroup;
			children = (
				665876441F00F27800625C00 /* DownloadBackgroundTestUITests.m */,
				665876461F00F27800625C00 /* Info.plist */,
			);
			path = DownloadBackgroundTestUITests;
			sourceTree = "<group>";
		};
/* End PBXGroup section */

/* Begin PBXNativeTarget section */
		6658761B1F00F27800625C00 /* DownloadBackgroundTest */ = {
			isa = PBXNativeTarget;
			buildConfigurationList = 665876491F00F27800625C00 /* Build configuration list for PBXNativeTarget "DownloadBackgroundTest" */;
			buildPhases = (
				665876181F00F27800625C00 /* Sources */,
				665876191F00F27800625C00 /* Frameworks */,
				6658761A1F00F27800625C00 /* Resources */,
			);
			buildRules = (
			);
			dependencies = (
			);
			name = DownloadBackgroundTest;
			productName = DownloadBackgroundTest;
			productReference = 6658761C1F00F27800625C00 /* DownloadBackgroundTest.app */;
			productType = "com.apple.product-type.application";
		};
		665876341F00F27800625C00 /* DownloadBackgroundTestTests */ = {
			isa = PBXNativeTarget;
			buildConfigurationList = 6658764C1F00F27800625C00 /* Build configuration list for PBXNativeTarget "DownloadBackgroundTestTests" */;
			buildPhases = (
				665876311F00F27800625C00 /* Sources */,
				665876321F00F27800625C00 /* Frameworks */,
				665876331F00F27800625C00 /* Resources */,
			);
			buildRules = (
			);
			dependencies = (
				665876371F00F27800625C00 /* PBXTargetDependency */,
			);
			name = DownloadBackgroundTestTests;
			productName = DownloadBackgroundTestTests;
			productReference = 665876351F00F27800625C00 /* DownloadBackgroundTestTests.xctest */;
			productType = "com.apple.product-type.bundle.unit-test";
		};
		6658763F1F00F27800625C00 /* DownloadBackgroundTestUITests */ = {
			isa = PBXNativeTarget;
			buildConfigurationList = 6658764F1F00F27800625C00 /* Build configuration list for PBXNativeTarget "DownloadBackgroundTestUITests" */;
			buildPhases = (
				6658763C1F00F27800625C00 /* Sources */,
				6658763D1F00F27800625C00 /* Frameworks */,
				6658763E1F00F27800625C00 /* Resources */,
			);
			buildRules = (
			);
			dependencies = (
				665876421F00F27800625C00 /* PBXTargetDependency */,
			);
			name = DownloadBackgroundTestUITests;
			productName = DownloadBackgroundTestUITests;
			productReference = 665876401F00F27800625C00 /* DownloadBackgroundTestUITests.xctest */;
			productType = "com.apple.product-type.bundle.ui-testing";
		};
/* End PBXNativeTarget section */

/* Begin PBXProject section */
		665876141F00F27800625C00 /* Project object */ = {
			isa = PBXProject;
			attributes = {
				LastUpgradeCheck = 0830;
				ORGANIZATIONNAME = chenwang;
				TargetAttributes = {
					6658761B1F00F27800625C00 = {
						CreatedOnToolsVersion = 8.3.2;
						DevelopmentTeam = V3DM7W7CZT;
						ProvisioningStyle = Automatic;
					};
					665876341F00F27800625C00 = {
						CreatedOnToolsVersion = 8.3.2;
						ProvisioningStyle = Automatic;
						TestTargetID = 6658761B1F00F27800625C00;
					};
					6658763F1F00F27800625C00 = {
						CreatedOnToolsVersion = 8.3.2;
						ProvisioningStyle = Automatic;
						TestTargetID = 6658761B1F00F27800625C00;
					};
				};
			};
			buildConfigurationList = 665876171F00F27800625C00 /* Build configuration list for PBXProject "DownloadBackgroundTest" */;
			compatibilityVersion = "Xcode 3.2";
			developmentRegion = English;
			hasScannedForEncodings = 0;
			knownRegions = (
				en,
				Base,
			);
			mainGroup = 665876131F00F27800625C00;
			productRefGroup = 6658761D1F00F27800625C00 /* Products */;
			projectDirPath = "";
			projectRoot = "";
			targets = (
				6658761B1F00F27800625C00 /* DownloadBackgroundTest */,
				665876341F00F27800625C00 /* DownloadBackgroundTestTests */,
				6658763F1F00F27800625C00 /* DownloadBackgroundTestUITests */,
			);
		};
/* End PBXProject section */

/* Begin PBXResourcesBuildPhase section */
		6658761A1F00F27800625C00 /* Resources */ = {
			isa = PBXResourcesBuildPhase;
			buildActionMask = 2147483647;
			files = (
				6658762F1F00F27800625C00 /* LaunchScreen.storyboard in Resources */,
				6658762C1F00F27800625C00 /* Assets.xcassets in Resources */,
				6658762A1F00F27800625C00 /* Main.storyboard in Resources */,
			);
			runOnlyForDeploymentPostprocessing = 0;
		};
		665876331F00F27800625C00 /* Resources */ = {
			isa = PBXResourcesBuildPhase;
			buildActionMask = 2147483647;
			files = (
			);
			runOnlyForDeploymentPostprocessing = 0;
		};
		6658763E1F00F27800625C00 /* Resources */ = {
			isa = PBXResourcesBuildPhase;
			buildActionMask = 2147483647;
			files = (
			);
			runOnlyForDeploymentPostprocessing = 0;
		};
/* End PBXResourcesBuildPhase section */

/* Begin PBXSourcesBuildPhase section */
		665876181F00F27800625C00 /* Sources */ = {
			isa = PBXSourcesBuildPhase;
			buildActionMask = 2147483647;
			files = (
				665876271F00F27800625C00 /* ViewController.m in Sources */,
				6654E4841F01EEEB00F798A0 /* NSURLSession+CorrectedResumeData.m in Sources */,
				665876241F00F27800625C00 /* AppDelegate.m in Sources */,
				665876211F00F27800625C00 /* main.m in Sources */,
				665876541F0112A700625C00 /* DownloadManager.m in Sources */,
			);
			runOnlyForDeploymentPostprocessing = 0;
		};
		665876311F00F27800625C00 /* Sources */ = {
			isa = PBXSourcesBuildPhase;
			buildActionMask = 2147483647;
			files = (
				6658763A1F00F27800625C00 /* DownloadBackgroundTestTests.m in Sources */,
			);
			runOnlyForDeploymentPostprocessing = 0;
		};
		6658763C1F00F27800625C00 /* Sources */ = {
			isa = PBXSourcesBuildPhase;
			buildActionMask = 2147483647;
			files = (
				665876451F00F27800625C00 /* DownloadBackgroundTestUITests.m in Sources */,
			);
			runOnlyForDeploymentPostprocessing = 0;
		};
/* End PBXSourcesBuildPhase section */

/* Begin PBXTargetDependency section */
		665876371F00F27800625C00 /* PBXTargetDependency */ = {
			isa = PBXTargetDependency;
			target = 6658761B1F00F27800625C00 /* DownloadBackgroundTest */;
			targetProxy = 665876361F00F27800625C00 /* PBXContainerItemProxy */;
		};
		665876421F00F27800625C00 /* PBXTargetDependency */ = {
			isa = PBXTargetDependency;
			target = 6658761B1F00F27800625C00 /* DownloadBackgroundTest */;
			targetProxy = 665876411F00F27800625C00 /* PBXContainerItemProxy */;
		};
/* End PBXTargetDependency section */

/* Begin PBXVariantGroup section */
		665876281F00F27800625C00 /* Main.storyboard */ = {
			isa = PBXVariantGroup;
			children = (
				665876291F00F27800625C00 /* Base */,
			);
			name = Main.storyboard;
			sourceTree = "<group>";
		};
		6658762D1F00F27800625C00 /* LaunchScreen.storyboard */ = {
			isa = PBXVariantGroup;
			children = (
				6658762E1F00F27800625C00 /* Base */,
			);
			name = LaunchScreen.storyboard;
			sourceTree = "<group>";
		};
/* End PBXVariantGroup section */

/* Begin XCBuildConfiguration section */
		665876471F00F27800625C00 /* Debug */ = {
			isa = XCBuildConfiguration;
			buildSettings = {
				ALWAYS_SEARCH_USER_PATHS = NO;
				CLANG_ANALYZER_NONNULL = YES;
				CLANG_ANALYZER_NUMBER_OBJECT_CONVERSION = YES_AGGRESSIVE;
				CLANG_CXX_LANGUAGE_STANDARD = "gnu++0x";
				CLANG_CXX_LIBRARY = "libc++";
				CLANG_ENABLE_MODULES = YES;
				CLANG_ENABLE_OBJC_ARC = YES;
				CLANG_WARN_BOOL_CONVERSION = YES;
				CLANG_WARN_CONSTANT_CONVERSION = YES;
				CLANG_WARN_DIRECT_OBJC_ISA_USAGE = YES_ERROR;
				CLANG_WARN_DOCUMENTATION_COMMENTS = YES;
				CLANG_WARN_EMPTY_BODY = YES;
				CLANG_WARN_ENUM_CONVERSION = YES;
				CLANG_WARN_INFINITE_RECURSION = YES;
				CLANG_WARN_INT_CONVERSION = YES;
				CLANG_WARN_OBJC_ROOT_CLASS = YES_ERROR;
				CLANG_WARN_SUSPICIOUS_MOVE = YES;
				CLANG_WARN_UNREACHABLE_CODE = YES;
				CLANG_WARN__DUPLICATE_METHOD_MATCH = YES;
				"CODE_SIGN_IDENTITY[sdk=iphoneos*]" = "iPhone Developer";
				COPY_PHASE_STRIP = NO;
				DEBUG_INFORMATION_FORMAT = dwarf;
				ENABLE_STRICT_OBJC_MSGSEND = YES;
				ENABLE_TESTABILITY = YES;
				GCC_C_LANGUAGE_STANDARD = gnu99;
				GCC_DYNAMIC_NO_PIC = NO;
				GCC_NO_COMMON_BLOCKS = YES;
				GCC_OPTIMIZATION_LEVEL = 0;
				GCC_PREPROCESSOR_DEFINITIONS = (
					"DEBUG=1",
					"$(inherited)",
				);
				GCC_WARN_64_TO_32_BIT_CONVERSION = YES;
				GCC_WARN_ABOUT_RETURN_TYPE = YES_ERROR;
				GCC_WARN_UNDECLARED_SELECTOR = YES;
				GCC_WARN_UNINITIALIZED_AUTOS = YES_AGGRESSIVE;
				GCC_WARN_UNUSED_FUNCTION = YES;
				GCC_WARN_UNUSED_VARIABLE = YES;
				IPHONEOS_DEPLOYMENT_TARGET = 10.3;
				MTL_ENABLE_DEBUG_INFO = YES;
				ONLY_ACTIVE_ARCH = YES;
				SDKROOT = iphoneos;
				TARGETED_DEVICE_FAMILY = "1,2";
			};
			name = Debug;
		};
		665876481F00F27800625C00 /* Release */ = {
			isa = XCBuildConfiguration;
			buildSettings = {
				ALWAYS_SEARCH_USER_PATHS = NO;
				CLANG_ANALYZER_NONNULL = YES;
				CLANG_ANALYZER_NUMBER_OBJECT_CONVERSION = YES_AGGRESSIVE;
				CLANG_CXX_LANGUAGE_STANDARD = "gnu++0x";
				CLANG_CXX_LIBRARY = "libc++";
				CLANG_ENABLE_MODULES = YES;
				CLANG_ENABLE_OBJC_ARC = YES;
				CLANG_WARN_BOOL_CONVERSION = YES;
				CLANG_WARN_CONSTANT_CONVERSION = YES;
				CLANG_WARN_DIRECT_OBJC_ISA_USAGE = YES_ERROR;
				CLANG_WARN_DOCUMENTATION_COMMENTS = YES;
				CLANG_WARN_EMPTY_BODY = YES;
				CLANG_WARN_ENUM_CONVERSION = YES;
				CLANG_WARN_INFINITE_RECURSION = YES;
				CLANG_WARN_INT_CONVERSION = YES;
				CLANG_WARN_OBJC_ROOT_CLASS = YES_ERROR;
				CLANG_WARN_SUSPICIOUS_MOVE = YES;
				CLANG_WARN_UNREACHABLE_CODE = YES;
				CLANG_WARN__DUPLICATE_METHOD_MATCH = YES;
				"CODE_SIGN_IDENTITY[sdk=iphoneos*]" = "iPhone Developer";
				COPY_PHASE_STRIP = NO;
				DEBUG_INFORMATION_FORMAT = "dwarf-with-dsym";
				ENABLE_NS_ASSERTIONS = NO;
				ENABLE_STRICT_OBJC_MSGSEND = YES;
				GCC_C_LANGUAGE_STANDARD = gnu99;
				GCC_NO_COMMON_BLOCKS = YES;
				GCC_WARN_64_TO_32_BIT_CONVERSION = YES;
				GCC_WARN_ABOUT_RETURN_TYPE = YES_ERROR;
				GCC_WARN_UNDECLARED_SELECTOR = YES;
				GCC_WARN_UNINITIALIZED_AUTOS = YES_AGGRESSIVE;
				GCC_WARN_UNUSED_FUNCTION = YES;
				GCC_WARN_UNUSED_VARIABLE = YES;
				IPHONEOS_DEPLOYMENT_TARGET = 10.3;
				MTL_ENABLE_DEBUG_INFO = NO;
				SDKROOT = iphoneos;
				TARGETED_DEVICE_FAMILY = "1,2";
				VALIDATE_PRODUCT = YES;
			};
			name = Release;
		};
		6658764A1F00F27800625C00 /* Debug */ = {
			isa = XCBuildConfiguration;
			buildSettings = {
				ASSETCATALOG_COMPILER_APPICON_NAME = AppIcon;
				DEVELOPMENT_TEAM = V3DM7W7CZT;
				INFOPLIST_FILE = DownloadBackgroundTest/Info.plist;
				IPHONEOS_DEPLOYMENT_TARGET = 9.0;
				LD_RUNPATH_SEARCH_PATHS = "$(inherited) @executable_path/Frameworks";
				PRODUCT_BUNDLE_IDENTIFIER = com.refiniet.DownloadBackgroundTest;
				PRODUCT_NAME = "$(TARGET_NAME)";
			};
			name = Debug;
		};
		6658764B1F00F27800625C00 /* Release */ = {
			isa = XCBuildConfiguration;
			buildSettings = {
				ASSETCATALOG_COMPILER_APPICON_NAME = AppIcon;
				DEVELOPMENT_TEAM = V3DM7W7CZT;
				INFOPLIST_FILE = DownloadBackgroundTest/Info.plist;
				IPHONEOS_DEPLOYMENT_TARGET = 9.0;
				LD_RUNPATH_SEARCH_PATHS = "$(inherited) @executable_path/Frameworks";
				PRODUCT_BUNDLE_IDENTIFIER = com.refiniet.DownloadBackgroundTest;
				PRODUCT_NAME = "$(TARGET_NAME)";
			};
			name = Release;
		};
		6658764D1F00F27800625C00 /* Debug */ = {
			isa = XCBuildConfiguration;
			buildSettings = {
				BUNDLE_LOADER = "$(TEST_HOST)";
				INFOPLIST_FILE = DownloadBackgroundTestTests/Info.plist;
				LD_RUNPATH_SEARCH_PATHS = "$(inherited) @executable_path/Frameworks @loader_path/Frameworks";
				PRODUCT_BUNDLE_IDENTIFIER = com.refiniet.DownloadBackgroundTestTests;
				PRODUCT_NAME = "$(TARGET_NAME)";
				TEST_HOST = "$(BUILT_PRODUCTS_DIR)/DownloadBackgroundTest.app/DownloadBackgroundTest";
			};
			name = Debug;
		};
		6658764E1F00F27800625C00 /* Release */ = {
			isa = XCBuildConfiguration;
			buildSettings = {
				BUNDLE_LOADER = "$(TEST_HOST)";
				INFOPLIST_FILE = DownloadBackgroundTestTests/Info.plist;
				LD_RUNPATH_SEARCH_PATHS = "$(inherited) @executable_path/Frameworks @loader_path/Frameworks";
				PRODUCT_BUNDLE_IDENTIFIER = com.refiniet.DownloadBackgroundTestTests;
				PRODUCT_NAME = "$(TARGET_NAME)";
				TEST_HOST = "$(BUILT_PRODUCTS_DIR)/DownloadBackgroundTest.app/DownloadBackgroundTest";
			};
			name = Release;
		};
		665876501F00F27800625C00 /* Debug */ = {
			isa = XCBuildConfiguration;
			buildSettings = {
				INFOPLIST_FILE = DownloadBackgroundTestUITests/Info.plist;
				LD_RUNPATH_SEARCH_PATHS = "$(inherited) @executable_path/Frameworks @loader_path/Frameworks";
				PRODUCT_BUNDLE_IDENTIFIER = com.refiniet.DownloadBackgroundTestUITests;
				PRODUCT_NAME = "$(TARGET_NAME)";
				TEST_TARGET_NAME = DownloadBackgroundTest;
			};
			name = Debug;
		};
		665876511F00F27800625C00 /* Release */ = {
			isa = XCBuildConfiguration;
			buildSettings = {
				INFOPLIST_FILE = DownloadBackgroundTestUITests/Info.plist;
				LD_RUNPATH_SEARCH_PATHS = "$(inherited) @executable_path/Frameworks @loader_path/Frameworks";
				PRODUCT_BUNDLE_IDENTIFIER = com.refiniet.DownloadBackgroundTestUITests;
				PRODUCT_NAME = "$(TARGET_NAME)";
				TEST_TARGET_NAME = DownloadBackgroundTest;
			};
			name = Release;
		};
/* End XCBuildConfiguration section */

/* Begin XCConfigurationList section */
		665876171F00F27800625C00 /* Build configuration list for PBXProject "DownloadBackgroundTest" */ = {
			isa = XCConfigurationList;
			buildConfigurations = (
				665876471F00F27800625C00 /* Debug */,
				665876481F00F27800625C00 /* Release */,
			);
			defaultConfigurationIsVisible = 0;
			defaultConfigurationName = Release;
		};
		665876491F00F27800625C00 /* Build configuration list for PBXNativeTarget "DownloadBackgroundTest" */ = {
			isa = XCConfigurationList;
			buildConfigurations = (
				6658764A1F00F27800625C00 /* Debug */,
				6658764B1F00F27800625C00 /* Release */,
			);
			defaultConfigurationIsVisible = 0;
			defaultConfigurationName = Release;
		};
		6658764C1F00F27800625C00 /* Build configuration list for PBXNativeTarget "DownloadBackgroundTestTests" */ = {
			isa = XCConfigurationList;
			buildConfigurations = (
				6658764D1F00F27800625C00 /* Debug */,
				6658764E1F00F27800625C00 /* Release */,
			);
			defaultConfigurationIsVisible = 0;
			defaultConfigurationName = Release;
		};
		6658764F1F00F27800625C00 /* Build configuration list for PBXNativeTarget "DownloadBackgroundTestUITests" */ = {
			isa = XCConfigurationList;
			buildConfigurations = (
				665876501F00F27800625C00 /* Debug */,
				665876511F00F27800625C00 /* Release */,
			);
			defaultConfigurationIsVisible = 0;
			defaultConfigurationName = Release;
		};
/* End XCConfigurationList section */
	};
	rootObject = 665876141F00F27800625C00 /* Project object */;
}
